// !$*UTF8*$!
{
	archiveVersion = 1;
	classes = {
	};
	objectVersion = 46;
	objects = {

/* Begin PBXBuildFile section */
		1A9E62A8147CC595002566DA /* PictureTableViewCell.m in Sources */ = {isa = PBXBuildFile; fileRef = 1A9E62A6147CC594002566DA /* PictureTableViewCell.m */; };
		1A9E62A9147CC595002566DA /* PictureTableViewCell.xib in Resources */ = {isa = PBXBuildFile; fileRef = 1A9E62A7147CC594002566DA /* PictureTableViewCell.xib */; };
		1A9FD4ED148AEE470029BC43 /* Default@2x.png in Resources */ = {isa = PBXBuildFile; fileRef = 1A9FD4EC148AEE460029BC43 /* Default@2x.png */; };
		1A9FD4F0148AEE4A0029BC43 /* Default.png in Resources */ = {isa = PBXBuildFile; fileRef = 1A9FD4EF148AEE4A0029BC43 /* Default.png */; };
		1AA6D8091482DB6700525AB0 /* ClosetItem.m in Sources */ = {isa = PBXBuildFile; fileRef = 1AA6D8081482DB6700525AB0 /* ClosetItem.m */; };
		1AA6D80D148395B700525AB0 /* PictureDownloader.m in Sources */ = {isa = PBXBuildFile; fileRef = 1AA6D80C148395B600525AB0 /* PictureDownloader.m */; };
		1ABA437A1485A13100D809D7 /* IMG_20111030_233250.jpg in Resources */ = {isa = PBXBuildFile; fileRef = 1ABA43771485A13100D809D7 /* IMG_20111030_233250.jpg */; };
		1ABA437B1485A13100D809D7 /* IMG_20111030_232021.jpg in Resources */ = {isa = PBXBuildFile; fileRef = 1ABA43781485A13100D809D7 /* IMG_20111030_232021.jpg */; };
		1ABA437C1485A13100D809D7 /* ColorTouch-1322004372315.jpeg in Resources */ = {isa = PBXBuildFile; fileRef = 1ABA43791485A13100D809D7 /* ColorTouch-1322004372315.jpeg */; };
		1AC08B10148596CE0032D2E7 /* newlogo.png in Resources */ = {isa = PBXBuildFile; fileRef = 1AC08B0F148596CE0032D2E7 /* newlogo.png */; };
		1AC08B12148596D70032D2E7 /* icon_happy_smiley_300.png in Resources */ = {isa = PBXBuildFile; fileRef = 1AC08B11148596D70032D2E7 /* icon_happy_smiley_300.png */; };
		647DFFDF146B560600E25B9C /* TODO in Resources */ = {isa = PBXBuildFile; fileRef = 647DFFDE146B560600E25B9C /* TODO */; };
		649ED3A9146A082A00E558EC /* UIKit.framework in Frameworks */ = {isa = PBXBuildFile; fileRef = 649ED3A8146A082A00E558EC /* UIKit.framework */; };
		649ED3AB146A082A00E558EC /* Foundation.framework in Frameworks */ = {isa = PBXBuildFile; fileRef = 649ED3AA146A082A00E558EC /* Foundation.framework */; };
		649ED3AD146A082A00E558EC /* CoreGraphics.framework in Frameworks */ = {isa = PBXBuildFile; fileRef = 649ED3AC146A082A00E558EC /* CoreGraphics.framework */; };
		649ED3B3146A082A00E558EC /* InfoPlist.strings in Resources */ = {isa = PBXBuildFile; fileRef = 649ED3B1146A082A00E558EC /* InfoPlist.strings */; };
		649ED3B5146A082A00E558EC /* main.m in Sources */ = {isa = PBXBuildFile; fileRef = 649ED3B4146A082A00E558EC /* main.m */; };
		649ED3B9146A082A00E558EC /* AppDelegate.m in Sources */ = {isa = PBXBuildFile; fileRef = 649ED3B8146A082A00E558EC /* AppDelegate.m */; };
		649ED3C1146A082B00E558EC /* SenTestingKit.framework in Frameworks */ = {isa = PBXBuildFile; fileRef = 649ED3C0146A082B00E558EC /* SenTestingKit.framework */; };
		649ED3C2146A082B00E558EC /* UIKit.framework in Frameworks */ = {isa = PBXBuildFile; fileRef = 649ED3A8146A082A00E558EC /* UIKit.framework */; };
		649ED3C3146A082B00E558EC /* Foundation.framework in Frameworks */ = {isa = PBXBuildFile; fileRef = 649ED3AA146A082A00E558EC /* Foundation.framework */; };
		649ED3CB146A082B00E558EC /* InfoPlist.strings in Resources */ = {isa = PBXBuildFile; fileRef = 649ED3C9146A082B00E558EC /* InfoPlist.strings */; };
		649ED3CE146A082B00E558EC /* JeanomeIOSTests.m in Sources */ = {isa = PBXBuildFile; fileRef = 649ED3CD146A082B00E558EC /* JeanomeIOSTests.m */; };
		649ED3DC146A0BBA00E558EC /* TakePhotoViewController.m in Sources */ = {isa = PBXBuildFile; fileRef = 649ED3DA146A0BBA00E558EC /* TakePhotoViewController.m */; };
		649ED3DD146A0BBA00E558EC /* TakePhotoViewController.xib in Resources */ = {isa = PBXBuildFile; fileRef = 649ED3DB146A0BBA00E558EC /* TakePhotoViewController.xib */; };
		649ED474146A10D600E558EC /* libAviarySDK-universal.a in Frameworks */ = {isa = PBXBuildFile; fileRef = 649ED470146A10D600E558EC /* libAviarySDK-universal.a */; };
		649ED475146A10D600E558EC /* AviarySDK-Core.bundle in Resources */ = {isa = PBXBuildFile; fileRef = 649ED472146A10D600E558EC /* AviarySDK-Core.bundle */; };
		649ED476146A10D600E558EC /* AviarySDK-Plugins.bundle in Resources */ = {isa = PBXBuildFile; fileRef = 649ED473146A10D600E558EC /* AviarySDK-Plugins.bundle */; };
		649ED478146A111500E558EC /* QuartzCore.framework in Frameworks */ = {isa = PBXBuildFile; fileRef = 649ED477146A111500E558EC /* QuartzCore.framework */; };
		649ED47A146A112500E558EC /* CoreText.framework in Frameworks */ = {isa = PBXBuildFile; fileRef = 649ED479146A112500E558EC /* CoreText.framework */; };
		649ED48E146A845F00E558EC /* JeanomeViewController.m in Sources */ = {isa = PBXBuildFile; fileRef = 649ED48C146A845F00E558EC /* JeanomeViewController.m */; };
		649ED48F146A845F00E558EC /* JeanomeViewController.xib in Resources */ = {isa = PBXBuildFile; fileRef = 649ED48D146A845F00E558EC /* JeanomeViewController.xib */; };
		64A5F182146B39610051C718 /* OverlayViewController.m in Sources */ = {isa = PBXBuildFile; fileRef = 64A5F180146B39600051C718 /* OverlayViewController.m */; };
		64A5F183146B39610051C718 /* OverlayViewController.xib in Resources */ = {isa = PBXBuildFile; fileRef = 64A5F181146B39600051C718 /* OverlayViewController.xib */; };
		64A5F187146B479D0051C718 /* logo.png in Resources */ = {isa = PBXBuildFile; fileRef = 64A5F186146B479D0051C718 /* logo.png */; };
		64BF1DF7146D376E00640419 /* ASIAuthenticationDialog.m in Sources */ = {isa = PBXBuildFile; fileRef = 64BF1DA6146D376E00640419 /* ASIAuthenticationDialog.m */; };
		64BF1DF8146D376E00640419 /* ASIDataCompressor.m in Sources */ = {isa = PBXBuildFile; fileRef = 64BF1DA9146D376E00640419 /* ASIDataCompressor.m */; };
		64BF1DF9146D376E00640419 /* ASIDataDecompressor.m in Sources */ = {isa = PBXBuildFile; fileRef = 64BF1DAB146D376E00640419 /* ASIDataDecompressor.m */; };
		64BF1DFA146D376E00640419 /* ASIDownloadCache.m in Sources */ = {isa = PBXBuildFile; fileRef = 64BF1DAD146D376E00640419 /* ASIDownloadCache.m */; };
		64BF1DFB146D376E00640419 /* ASIFormDataRequest.m in Sources */ = {isa = PBXBuildFile; fileRef = 64BF1DAF146D376E00640419 /* ASIFormDataRequest.m */; };
		64BF1DFC146D376E00640419 /* ASIHTTPRequest.m in Sources */ = {isa = PBXBuildFile; fileRef = 64BF1DB1146D376E00640419 /* ASIHTTPRequest.m */; };
		64BF1DFD146D376E00640419 /* ASIInputStream.m in Sources */ = {isa = PBXBuildFile; fileRef = 64BF1DB5146D376E00640419 /* ASIInputStream.m */; };
		64BF1DFE146D376E00640419 /* ASINetworkQueue.m in Sources */ = {isa = PBXBuildFile; fileRef = 64BF1DB7146D376E00640419 /* ASINetworkQueue.m */; };
		64BF1E1E146D3AB100640419 /* Reachability.m in Sources */ = {isa = PBXBuildFile; fileRef = 64BF1E1D146D3AB100640419 /* Reachability.m */; };
		64BF1E24146D3B9400640419 /* CFNetwork.framework in Frameworks */ = {isa = PBXBuildFile; fileRef = 64BF1E23146D3B9400640419 /* CFNetwork.framework */; };
		64BF1E26146D3BA500640419 /* SystemConfiguration.framework in Frameworks */ = {isa = PBXBuildFile; fileRef = 64BF1E25146D3BA500640419 /* SystemConfiguration.framework */; };
		64BF1E28146D3BB500640419 /* MobileCoreServices.framework in Frameworks */ = {isa = PBXBuildFile; fileRef = 64BF1E27146D3BB500640419 /* MobileCoreServices.framework */; };
		64BF1E2A146D3BC800640419 /* libz.dylib in Frameworks */ = {isa = PBXBuildFile; fileRef = 64BF1E29146D3BC800640419 /* libz.dylib */; };
		64D65B9E146F2778007F4A49 /* SettingsViewController.m in Sources */ = {isa = PBXBuildFile; fileRef = 64D65B9C146F2777007F4A49 /* SettingsViewController.m */; };
		64D65B9F146F2778007F4A49 /* SettingsViewController.xib in Resources */ = {isa = PBXBuildFile; fileRef = 64D65B9D146F2777007F4A49 /* SettingsViewController.xib */; };
		64D65BAD14735BC2007F4A49 /* user-silhouette-icon.png in Resources */ = {isa = PBXBuildFile; fileRef = 64D65BAC14735BC2007F4A49 /* user-silhouette-icon.png */; };
		64D65BB114735EAA007F4A49 /* ClosetViewController.m in Sources */ = {isa = PBXBuildFile; fileRef = 64D65BAF14735EA9007F4A49 /* ClosetViewController.m */; };
		64D65BB214735EAA007F4A49 /* ClosetViewController.xib in Resources */ = {isa = PBXBuildFile; fileRef = 64D65BB014735EA9007F4A49 /* ClosetViewController.xib */; };
		64D65BE714747CF5007F4A49 /* Closet.m in Sources */ = {isa = PBXBuildFile; fileRef = 64D65BE614747CF4007F4A49 /* Closet.m */; };
		64DDF0E3147B56C400491867 /* NSObject+SBJSON.m in Sources */ = {isa = PBXBuildFile; fileRef = 64DDF0D8147B56C400491867 /* NSObject+SBJSON.m */; };
		64DDF0E4147B56C400491867 /* NSString+SBJSON.m in Sources */ = {isa = PBXBuildFile; fileRef = 64DDF0DA147B56C400491867 /* NSString+SBJSON.m */; };
		64DDF0E5147B56C400491867 /* SBJSON.m in Sources */ = {isa = PBXBuildFile; fileRef = 64DDF0DC147B56C400491867 /* SBJSON.m */; };
		64DDF0E6147B56C400491867 /* SBJsonBase.m in Sources */ = {isa = PBXBuildFile; fileRef = 64DDF0DE147B56C400491867 /* SBJsonBase.m */; };
		64DDF0E7147B56C400491867 /* SBJsonParser.m in Sources */ = {isa = PBXBuildFile; fileRef = 64DDF0E0147B56C400491867 /* SBJsonParser.m */; };
		64DDF0E8147B56C400491867 /* SBJsonWriter.m in Sources */ = {isa = PBXBuildFile; fileRef = 64DDF0E2147B56C400491867 /* SBJsonWriter.m */; };
		64DDF0EA147B635000491867 /* babybluehappyface.png in Resources */ = {isa = PBXBuildFile; fileRef = 64DDF0E9147B635000491867 /* babybluehappyface.png */; };
		64DDF0EE147B639400491867 /* transparent_settings_gear_icon.png in Resources */ = {isa = PBXBuildFile; fileRef = 64DDF0ED147B639400491867 /* transparent_settings_gear_icon.png */; };
		64DDF0F2147B63B900491867 /* LoginWithFacebookNormal.png in Resources */ = {isa = PBXBuildFile; fileRef = 64DDF0EF147B63B900491867 /* LoginWithFacebookNormal.png */; };
		64DDF0F3147B63B900491867 /* LoginWithFacebookNormal@2x.png in Resources */ = {isa = PBXBuildFile; fileRef = 64DDF0F0147B63B900491867 /* LoginWithFacebookNormal@2x.png */; };
		64DDF0F4147B63B900491867 /* LoginWithFacebookPressed.png in Resources */ = {isa = PBXBuildFile; fileRef = 64DDF0F1147B63B900491867 /* LoginWithFacebookPressed.png */; };
		64E20660147B0FD00014CA48 /* Facebook.m in Sources */ = {isa = PBXBuildFile; fileRef = 64E20648147B0FD00014CA48 /* Facebook.m */; };
		64E20661147B0FD00014CA48 /* FBDialog.bundle in Resources */ = {isa = PBXBuildFile; fileRef = 64E2064B147B0FD00014CA48 /* FBDialog.bundle */; };
		64E20662147B0FD00014CA48 /* FBDialog.m in Sources */ = {isa = PBXBuildFile; fileRef = 64E2064D147B0FD00014CA48 /* FBDialog.m */; };
		64E20663147B0FD00014CA48 /* FBLoginDialog.m in Sources */ = {isa = PBXBuildFile; fileRef = 64E2064F147B0FD00014CA48 /* FBLoginDialog.m */; };
		64E20664147B0FD00014CA48 /* FBRequest.m in Sources */ = {isa = PBXBuildFile; fileRef = 64E20651147B0FD00014CA48 /* FBRequest.m */; };
		64F280BF14890E4C00490236 /* jeanome_logo_new_114.png in Resources */ = {isa = PBXBuildFile; fileRef = 64F280BE14890E4C00490236 /* jeanome_logo_new_114.png */; };
		64F280C81489D1FC00490236 /* ClosetItemDetailsViewController.m in Sources */ = {isa = PBXBuildFile; fileRef = 64F280C61489D1FA00490236 /* ClosetItemDetailsViewController.m */; };
		64F280C91489D1FC00490236 /* ClosetItemDetailsViewController.xib in Resources */ = {isa = PBXBuildFile; fileRef = 64F280C71489D1FA00490236 /* ClosetItemDetailsViewController.xib */; };
/* End PBXBuildFile section */

/* Begin PBXContainerItemProxy section */
		649ED3C4146A082B00E558EC /* PBXContainerItemProxy */ = {
			isa = PBXContainerItemProxy;
			containerPortal = 649ED39B146A082A00E558EC /* Project object */;
			proxyType = 1;
			remoteGlobalIDString = 649ED3A3146A082A00E558EC;
			remoteInfo = JeanomeIOS;
		};
/* End PBXContainerItemProxy section */

/* Begin PBXFileReference section */
		1A9E62A5147CC593002566DA /* PictureTableViewCell.h */ = {isa = PBXFileReference; fileEncoding = 4; lastKnownFileType = sourcecode.c.h; path = PictureTableViewCell.h; sourceTree = "<group>"; };
		1A9E62A6147CC594002566DA /* PictureTableViewCell.m */ = {isa = PBXFileReference; fileEncoding = 4; lastKnownFileType = sourcecode.c.objc; path = PictureTableViewCell.m; sourceTree = "<group>"; };
		1A9E62A7147CC594002566DA /* PictureTableViewCell.xib */ = {isa = PBXFileReference; fileEncoding = 4; lastKnownFileType = file.xib; path = PictureTableViewCell.xib; sourceTree = "<group>"; };
		1A9FD4EC148AEE460029BC43 /* Default@2x.png */ = {isa = PBXFileReference; lastKnownFileType = image.png; path = "Default@2x.png"; sourceTree = "<group>"; };
		1A9FD4EF148AEE4A0029BC43 /* Default.png */ = {isa = PBXFileReference; lastKnownFileType = image.png; path = Default.png; sourceTree = "<group>"; };
		1AA6D8071482DB6700525AB0 /* ClosetItem.h */ = {isa = PBXFileReference; fileEncoding = 4; lastKnownFileType = sourcecode.c.h; path = ClosetItem.h; sourceTree = "<group>"; };
		1AA6D8081482DB6700525AB0 /* ClosetItem.m */ = {isa = PBXFileReference; fileEncoding = 4; lastKnownFileType = sourcecode.c.objc; path = ClosetItem.m; sourceTree = "<group>"; };
		1AA6D80B148395B600525AB0 /* PictureDownloader.h */ = {isa = PBXFileReference; fileEncoding = 4; lastKnownFileType = sourcecode.c.h; path = PictureDownloader.h; sourceTree = "<group>"; };
		1AA6D80C148395B600525AB0 /* PictureDownloader.m */ = {isa = PBXFileReference; fileEncoding = 4; lastKnownFileType = sourcecode.c.objc; path = PictureDownloader.m; sourceTree = "<group>"; };
		1ABA43771485A13100D809D7 /* IMG_20111030_233250.jpg */ = {isa = PBXFileReference; lastKnownFileType = image.jpeg; path = IMG_20111030_233250.jpg; sourceTree = "<group>"; };
		1ABA43781485A13100D809D7 /* IMG_20111030_232021.jpg */ = {isa = PBXFileReference; lastKnownFileType = image.jpeg; path = IMG_20111030_232021.jpg; sourceTree = "<group>"; };
		1ABA43791485A13100D809D7 /* ColorTouch-1322004372315.jpeg */ = {isa = PBXFileReference; lastKnownFileType = image.jpeg; path = "ColorTouch-1322004372315.jpeg"; sourceTree = "<group>"; };
		1AC08B0C1485947D0032D2E7 /* jeanome_logo_new_114.png */ = {isa = PBXFileReference; lastKnownFileType = image.png; path = jeanome_logo_new_114.png; sourceTree = "<group>"; };
		1AC08B0F148596CE0032D2E7 /* newlogo.png */ = {isa = PBXFileReference; lastKnownFileType = image.png; path = newlogo.png; sourceTree = "<group>"; };
		1AC08B11148596D70032D2E7 /* icon_happy_smiley_300.png */ = {isa = PBXFileReference; lastKnownFileType = image.png; path = icon_happy_smiley_300.png; sourceTree = "<group>"; };
		647DFFDE146B560600E25B9C /* TODO */ = {isa = PBXFileReference; fileEncoding = 4; lastKnownFileType = text; path = TODO; sourceTree = "<group>"; };
		649ED3A4146A082A00E558EC /* JeanomeIOS.app */ = {isa = PBXFileReference; explicitFileType = wrapper.application; includeInIndex = 0; path = JeanomeIOS.app; sourceTree = BUILT_PRODUCTS_DIR; };
		649ED3A8146A082A00E558EC /* UIKit.framework */ = {isa = PBXFileReference; lastKnownFileType = wrapper.framework; name = UIKit.framework; path = System/Library/Frameworks/UIKit.framework; sourceTree = SDKROOT; };
		649ED3AA146A082A00E558EC /* Foundation.framework */ = {isa = PBXFileReference; lastKnownFileType = wrapper.framework; name = Foundation.framework; path = System/Library/Frameworks/Foundation.framework; sourceTree = SDKROOT; };
		649ED3AC146A082A00E558EC /* CoreGraphics.framework */ = {isa = PBXFileReference; lastKnownFileType = wrapper.framework; name = CoreGraphics.framework; path = System/Library/Frameworks/CoreGraphics.framework; sourceTree = SDKROOT; };
		649ED3B0146A082A00E558EC /* JeanomeIOS-Info.plist */ = {isa = PBXFileReference; lastKnownFileType = text.plist.xml; path = "JeanomeIOS-Info.plist"; sourceTree = "<group>"; };
		649ED3B2146A082A00E558EC /* en */ = {isa = PBXFileReference; lastKnownFileType = text.plist.strings; name = en; path = en.lproj/InfoPlist.strings; sourceTree = "<group>"; };
		649ED3B4146A082A00E558EC /* main.m */ = {isa = PBXFileReference; lastKnownFileType = sourcecode.c.objc; path = main.m; sourceTree = "<group>"; };
		649ED3B6146A082A00E558EC /* JeanomeIOS-Prefix.pch */ = {isa = PBXFileReference; lastKnownFileType = sourcecode.c.h; path = "JeanomeIOS-Prefix.pch"; sourceTree = "<group>"; };
		649ED3B7146A082A00E558EC /* AppDelegate.h */ = {isa = PBXFileReference; lastKnownFileType = sourcecode.c.h; path = AppDelegate.h; sourceTree = "<group>"; };
		649ED3B8146A082A00E558EC /* AppDelegate.m */ = {isa = PBXFileReference; lastKnownFileType = sourcecode.c.objc; path = AppDelegate.m; sourceTree = "<group>"; };
		649ED3BF146A082B00E558EC /* JeanomeIOSTests.octest */ = {isa = PBXFileReference; explicitFileType = wrapper.cfbundle; includeInIndex = 0; path = JeanomeIOSTests.octest; sourceTree = BUILT_PRODUCTS_DIR; };
		649ED3C0146A082B00E558EC /* SenTestingKit.framework */ = {isa = PBXFileReference; lastKnownFileType = wrapper.framework; name = SenTestingKit.framework; path = Library/Frameworks/SenTestingKit.framework; sourceTree = DEVELOPER_DIR; };
		649ED3C8146A082B00E558EC /* JeanomeIOSTests-Info.plist */ = {isa = PBXFileReference; lastKnownFileType = text.plist.xml; path = "JeanomeIOSTests-Info.plist"; sourceTree = "<group>"; };
		649ED3CA146A082B00E558EC /* en */ = {isa = PBXFileReference; lastKnownFileType = text.plist.strings; name = en; path = en.lproj/InfoPlist.strings; sourceTree = "<group>"; };
		649ED3CC146A082B00E558EC /* JeanomeIOSTests.h */ = {isa = PBXFileReference; lastKnownFileType = sourcecode.c.h; path = JeanomeIOSTests.h; sourceTree = "<group>"; };
		649ED3CD146A082B00E558EC /* JeanomeIOSTests.m */ = {isa = PBXFileReference; lastKnownFileType = sourcecode.c.objc; path = JeanomeIOSTests.m; sourceTree = "<group>"; };
		649ED3D9146A0BBA00E558EC /* TakePhotoViewController.h */ = {isa = PBXFileReference; fileEncoding = 4; lastKnownFileType = sourcecode.c.h; path = TakePhotoViewController.h; sourceTree = "<group>"; };
		649ED3DA146A0BBA00E558EC /* TakePhotoViewController.m */ = {isa = PBXFileReference; fileEncoding = 4; lastKnownFileType = sourcecode.c.objc; path = TakePhotoViewController.m; sourceTree = "<group>"; };
		649ED3DB146A0BBA00E558EC /* TakePhotoViewController.xib */ = {isa = PBXFileReference; fileEncoding = 4; lastKnownFileType = file.xib; path = TakePhotoViewController.xib; sourceTree = "<group>"; };
		649ED46E146A10D600E558EC /* AFFeatherConstants.h */ = {isa = PBXFileReference; fileEncoding = 4; lastKnownFileType = sourcecode.c.h; path = AFFeatherConstants.h; sourceTree = "<group>"; };
		649ED46F146A10D600E558EC /* AFFeatherController.h */ = {isa = PBXFileReference; fileEncoding = 4; lastKnownFileType = sourcecode.c.h; path = AFFeatherController.h; sourceTree = "<group>"; };
		649ED470146A10D600E558EC /* libAviarySDK-universal.a */ = {isa = PBXFileReference; lastKnownFileType = archive.ar; path = "libAviarySDK-universal.a"; sourceTree = "<group>"; };
		649ED472146A10D600E558EC /* AviarySDK-Core.bundle */ = {isa = PBXFileReference; lastKnownFileType = "wrapper.plug-in"; path = "AviarySDK-Core.bundle"; sourceTree = "<group>"; };
		649ED473146A10D600E558EC /* AviarySDK-Plugins.bundle */ = {isa = PBXFileReference; lastKnownFileType = "wrapper.plug-in"; path = "AviarySDK-Plugins.bundle"; sourceTree = "<group>"; };
		649ED477146A111500E558EC /* QuartzCore.framework */ = {isa = PBXFileReference; lastKnownFileType = wrapper.framework; name = QuartzCore.framework; path = System/Library/Frameworks/QuartzCore.framework; sourceTree = SDKROOT; };
		649ED479146A112500E558EC /* CoreText.framework */ = {isa = PBXFileReference; lastKnownFileType = wrapper.framework; name = CoreText.framework; path = System/Library/Frameworks/CoreText.framework; sourceTree = SDKROOT; };
		649ED48B146A845F00E558EC /* JeanomeViewController.h */ = {isa = PBXFileReference; fileEncoding = 4; lastKnownFileType = sourcecode.c.h; path = JeanomeViewController.h; sourceTree = "<group>"; };
		649ED48C146A845F00E558EC /* JeanomeViewController.m */ = {isa = PBXFileReference; fileEncoding = 4; lastKnownFileType = sourcecode.c.objc; path = JeanomeViewController.m; sourceTree = "<group>"; };
		649ED48D146A845F00E558EC /* JeanomeViewController.xib */ = {isa = PBXFileReference; fileEncoding = 4; lastKnownFileType = file.xib; path = JeanomeViewController.xib; sourceTree = "<group>"; };
		64A5F17F146B39600051C718 /* OverlayViewController.h */ = {isa = PBXFileReference; fileEncoding = 4; lastKnownFileType = sourcecode.c.h; path = OverlayViewController.h; sourceTree = "<group>"; };
		64A5F180146B39600051C718 /* OverlayViewController.m */ = {isa = PBXFileReference; fileEncoding = 4; lastKnownFileType = sourcecode.c.objc; path = OverlayViewController.m; sourceTree = "<group>"; };
		64A5F181146B39600051C718 /* OverlayViewController.xib */ = {isa = PBXFileReference; fileEncoding = 4; lastKnownFileType = file.xib; path = OverlayViewController.xib; sourceTree = "<group>"; };
		64A5F184146B43560051C718 /* Constants.h */ = {isa = PBXFileReference; fileEncoding = 4; lastKnownFileType = sourcecode.c.h; path = Constants.h; sourceTree = "<group>"; };
		64A5F186146B479D0051C718 /* logo.png */ = {isa = PBXFileReference; lastKnownFileType = image.png; name = logo.png; path = ../../Jeanome/static/images/logo.png; sourceTree = "<group>"; };
		64BF1DA5146D376E00640419 /* ASIAuthenticationDialog.h */ = {isa = PBXFileReference; fileEncoding = 4; lastKnownFileType = sourcecode.c.h; path = ASIAuthenticationDialog.h; sourceTree = "<group>"; };
		64BF1DA6146D376E00640419 /* ASIAuthenticationDialog.m */ = {isa = PBXFileReference; fileEncoding = 4; lastKnownFileType = sourcecode.c.objc; path = ASIAuthenticationDialog.m; sourceTree = "<group>"; };
		64BF1DA7146D376E00640419 /* ASICacheDelegate.h */ = {isa = PBXFileReference; fileEncoding = 4; lastKnownFileType = sourcecode.c.h; path = ASICacheDelegate.h; sourceTree = "<group>"; };
		64BF1DA8146D376E00640419 /* ASIDataCompressor.h */ = {isa = PBXFileReference; fileEncoding = 4; lastKnownFileType = sourcecode.c.h; path = ASIDataCompressor.h; sourceTree = "<group>"; };
		64BF1DA9146D376E00640419 /* ASIDataCompressor.m */ = {isa = PBXFileReference; fileEncoding = 4; lastKnownFileType = sourcecode.c.objc; path = ASIDataCompressor.m; sourceTree = "<group>"; };
		64BF1DAA146D376E00640419 /* ASIDataDecompressor.h */ = {isa = PBXFileReference; fileEncoding = 4; lastKnownFileType = sourcecode.c.h; path = ASIDataDecompressor.h; sourceTree = "<group>"; };
		64BF1DAB146D376E00640419 /* ASIDataDecompressor.m */ = {isa = PBXFileReference; fileEncoding = 4; lastKnownFileType = sourcecode.c.objc; path = ASIDataDecompressor.m; sourceTree = "<group>"; };
		64BF1DAC146D376E00640419 /* ASIDownloadCache.h */ = {isa = PBXFileReference; fileEncoding = 4; lastKnownFileType = sourcecode.c.h; path = ASIDownloadCache.h; sourceTree = "<group>"; };
		64BF1DAD146D376E00640419 /* ASIDownloadCache.m */ = {isa = PBXFileReference; fileEncoding = 4; lastKnownFileType = sourcecode.c.objc; path = ASIDownloadCache.m; sourceTree = "<group>"; };
		64BF1DAE146D376E00640419 /* ASIFormDataRequest.h */ = {isa = PBXFileReference; fileEncoding = 4; lastKnownFileType = sourcecode.c.h; path = ASIFormDataRequest.h; sourceTree = "<group>"; };
		64BF1DAF146D376E00640419 /* ASIFormDataRequest.m */ = {isa = PBXFileReference; fileEncoding = 4; lastKnownFileType = sourcecode.c.objc; path = ASIFormDataRequest.m; sourceTree = "<group>"; };
		64BF1DB0146D376E00640419 /* ASIHTTPRequest.h */ = {isa = PBXFileReference; fileEncoding = 4; lastKnownFileType = sourcecode.c.h; path = ASIHTTPRequest.h; sourceTree = "<group>"; };
		64BF1DB1146D376E00640419 /* ASIHTTPRequest.m */ = {isa = PBXFileReference; fileEncoding = 4; lastKnownFileType = sourcecode.c.objc; path = ASIHTTPRequest.m; sourceTree = "<group>"; };
		64BF1DB2146D376E00640419 /* ASIHTTPRequestConfig.h */ = {isa = PBXFileReference; fileEncoding = 4; lastKnownFileType = sourcecode.c.h; path = ASIHTTPRequestConfig.h; sourceTree = "<group>"; };
		64BF1DB3146D376E00640419 /* ASIHTTPRequestDelegate.h */ = {isa = PBXFileReference; fileEncoding = 4; lastKnownFileType = sourcecode.c.h; path = ASIHTTPRequestDelegate.h; sourceTree = "<group>"; };
		64BF1DB4146D376E00640419 /* ASIInputStream.h */ = {isa = PBXFileReference; fileEncoding = 4; lastKnownFileType = sourcecode.c.h; path = ASIInputStream.h; sourceTree = "<group>"; };
		64BF1DB5146D376E00640419 /* ASIInputStream.m */ = {isa = PBXFileReference; fileEncoding = 4; lastKnownFileType = sourcecode.c.objc; path = ASIInputStream.m; sourceTree = "<group>"; };
		64BF1DB6146D376E00640419 /* ASINetworkQueue.h */ = {isa = PBXFileReference; fileEncoding = 4; lastKnownFileType = sourcecode.c.h; path = ASINetworkQueue.h; sourceTree = "<group>"; };
		64BF1DB7146D376E00640419 /* ASINetworkQueue.m */ = {isa = PBXFileReference; fileEncoding = 4; lastKnownFileType = sourcecode.c.objc; path = ASINetworkQueue.m; sourceTree = "<group>"; };
		64BF1DB8146D376E00640419 /* ASIProgressDelegate.h */ = {isa = PBXFileReference; fileEncoding = 4; lastKnownFileType = sourcecode.c.h; path = ASIProgressDelegate.h; sourceTree = "<group>"; };
		64BF1E1C146D3AB100640419 /* Reachability.h */ = {isa = PBXFileReference; fileEncoding = 4; lastKnownFileType = sourcecode.c.h; path = Reachability.h; sourceTree = "<group>"; };
		64BF1E1D146D3AB100640419 /* Reachability.m */ = {isa = PBXFileReference; fileEncoding = 4; lastKnownFileType = sourcecode.c.objc; path = Reachability.m; sourceTree = "<group>"; };
		64BF1E23146D3B9400640419 /* CFNetwork.framework */ = {isa = PBXFileReference; lastKnownFileType = wrapper.framework; name = CFNetwork.framework; path = System/Library/Frameworks/CFNetwork.framework; sourceTree = SDKROOT; };
		64BF1E25146D3BA500640419 /* SystemConfiguration.framework */ = {isa = PBXFileReference; lastKnownFileType = wrapper.framework; name = SystemConfiguration.framework; path = System/Library/Frameworks/SystemConfiguration.framework; sourceTree = SDKROOT; };
		64BF1E27146D3BB500640419 /* MobileCoreServices.framework */ = {isa = PBXFileReference; lastKnownFileType = wrapper.framework; name = MobileCoreServices.framework; path = System/Library/Frameworks/MobileCoreServices.framework; sourceTree = SDKROOT; };
		64BF1E29146D3BC800640419 /* libz.dylib */ = {isa = PBXFileReference; lastKnownFileType = "compiled.mach-o.dylib"; name = libz.dylib; path = usr/lib/libz.dylib; sourceTree = SDKROOT; };
		64D65B9B146F2777007F4A49 /* SettingsViewController.h */ = {isa = PBXFileReference; fileEncoding = 4; lastKnownFileType = sourcecode.c.h; path = SettingsViewController.h; sourceTree = "<group>"; };
		64D65B9C146F2777007F4A49 /* SettingsViewController.m */ = {isa = PBXFileReference; fileEncoding = 4; lastKnownFileType = sourcecode.c.objc; path = SettingsViewController.m; sourceTree = "<group>"; };
		64D65B9D146F2777007F4A49 /* SettingsViewController.xib */ = {isa = PBXFileReference; fileEncoding = 4; lastKnownFileType = file.xib; path = SettingsViewController.xib; sourceTree = "<group>"; };
		64D65BAC14735BC2007F4A49 /* user-silhouette-icon.png */ = {isa = PBXFileReference; lastKnownFileType = image.png; path = "user-silhouette-icon.png"; sourceTree = "<group>"; };
		64D65BAE14735EA8007F4A49 /* ClosetViewController.h */ = {isa = PBXFileReference; fileEncoding = 4; lastKnownFileType = sourcecode.c.h; path = ClosetViewController.h; sourceTree = "<group>"; };
		64D65BAF14735EA9007F4A49 /* ClosetViewController.m */ = {isa = PBXFileReference; fileEncoding = 4; lastKnownFileType = sourcecode.c.objc; path = ClosetViewController.m; sourceTree = "<group>"; };
		64D65BB014735EA9007F4A49 /* ClosetViewController.xib */ = {isa = PBXFileReference; fileEncoding = 4; lastKnownFileType = file.xib; path = ClosetViewController.xib; sourceTree = "<group>"; };
		64D65BE514747CF3007F4A49 /* Closet.h */ = {isa = PBXFileReference; fileEncoding = 4; lastKnownFileType = sourcecode.c.h; path = Closet.h; sourceTree = "<group>"; };
		64D65BE614747CF4007F4A49 /* Closet.m */ = {isa = PBXFileReference; fileEncoding = 4; lastKnownFileType = sourcecode.c.objc; path = Closet.m; sourceTree = "<group>"; };
		64DDF0D6147B56C400491867 /* JSON.h */ = {isa = PBXFileReference; fileEncoding = 4; lastKnownFileType = sourcecode.c.h; path = JSON.h; sourceTree = "<group>"; };
		64DDF0D7147B56C400491867 /* NSObject+SBJSON.h */ = {isa = PBXFileReference; fileEncoding = 4; lastKnownFileType = sourcecode.c.h; path = "NSObject+SBJSON.h"; sourceTree = "<group>"; };
		64DDF0D8147B56C400491867 /* NSObject+SBJSON.m */ = {isa = PBXFileReference; fileEncoding = 4; lastKnownFileType = sourcecode.c.objc; path = "NSObject+SBJSON.m"; sourceTree = "<group>"; };
		64DDF0D9147B56C400491867 /* NSString+SBJSON.h */ = {isa = PBXFileReference; fileEncoding = 4; lastKnownFileType = sourcecode.c.h; path = "NSString+SBJSON.h"; sourceTree = "<group>"; };
		64DDF0DA147B56C400491867 /* NSString+SBJSON.m */ = {isa = PBXFileReference; fileEncoding = 4; lastKnownFileType = sourcecode.c.objc; path = "NSString+SBJSON.m"; sourceTree = "<group>"; };
		64DDF0DB147B56C400491867 /* SBJSON.h */ = {isa = PBXFileReference; fileEncoding = 4; lastKnownFileType = sourcecode.c.h; path = SBJSON.h; sourceTree = "<group>"; };
		64DDF0DC147B56C400491867 /* SBJSON.m */ = {isa = PBXFileReference; fileEncoding = 4; lastKnownFileType = sourcecode.c.objc; path = SBJSON.m; sourceTree = "<group>"; };
		64DDF0DD147B56C400491867 /* SBJsonBase.h */ = {isa = PBXFileReference; fileEncoding = 4; lastKnownFileType = sourcecode.c.h; path = SBJsonBase.h; sourceTree = "<group>"; };
		64DDF0DE147B56C400491867 /* SBJsonBase.m */ = {isa = PBXFileReference; fileEncoding = 4; lastKnownFileType = sourcecode.c.objc; path = SBJsonBase.m; sourceTree = "<group>"; };
		64DDF0DF147B56C400491867 /* SBJsonParser.h */ = {isa = PBXFileReference; fileEncoding = 4; lastKnownFileType = sourcecode.c.h; path = SBJsonParser.h; sourceTree = "<group>"; };
		64DDF0E0147B56C400491867 /* SBJsonParser.m */ = {isa = PBXFileReference; fileEncoding = 4; lastKnownFileType = sourcecode.c.objc; path = SBJsonParser.m; sourceTree = "<group>"; };
		64DDF0E1147B56C400491867 /* SBJsonWriter.h */ = {isa = PBXFileReference; fileEncoding = 4; lastKnownFileType = sourcecode.c.h; path = SBJsonWriter.h; sourceTree = "<group>"; };
		64DDF0E2147B56C400491867 /* SBJsonWriter.m */ = {isa = PBXFileReference; fileEncoding = 4; lastKnownFileType = sourcecode.c.objc; path = SBJsonWriter.m; sourceTree = "<group>"; };
		64DDF0E9147B635000491867 /* babybluehappyface.png */ = {isa = PBXFileReference; lastKnownFileType = image.png; path = babybluehappyface.png; sourceTree = "<group>"; };
		64DDF0ED147B639400491867 /* transparent_settings_gear_icon.png */ = {isa = PBXFileReference; lastKnownFileType = image.png; path = transparent_settings_gear_icon.png; sourceTree = "<group>"; };
		64DDF0EF147B63B900491867 /* LoginWithFacebookNormal.png */ = {isa = PBXFileReference; lastKnownFileType = image.png; path = LoginWithFacebookNormal.png; sourceTree = "<group>"; };
		64DDF0F0147B63B900491867 /* LoginWithFacebookNormal@2x.png */ = {isa = PBXFileReference; lastKnownFileType = image.png; path = "LoginWithFacebookNormal@2x.png"; sourceTree = "<group>"; };
		64DDF0F1147B63B900491867 /* LoginWithFacebookPressed.png */ = {isa = PBXFileReference; lastKnownFileType = image.png; path = LoginWithFacebookPressed.png; sourceTree = "<group>"; };
		64E20647147B0FD00014CA48 /* Facebook.h */ = {isa = PBXFileReference; fileEncoding = 4; lastKnownFileType = sourcecode.c.h; path = Facebook.h; sourceTree = "<group>"; };
		64E20648147B0FD00014CA48 /* Facebook.m */ = {isa = PBXFileReference; fileEncoding = 4; lastKnownFileType = sourcecode.c.objc; path = Facebook.m; sourceTree = "<group>"; };
		64E20649147B0FD00014CA48 /* facebook_ios_sdk_Prefix.pch */ = {isa = PBXFileReference; fileEncoding = 4; lastKnownFileType = sourcecode.c.h; path = facebook_ios_sdk_Prefix.pch; sourceTree = "<group>"; };
		64E2064A147B0FD00014CA48 /* FBConnect.h */ = {isa = PBXFileReference; fileEncoding = 4; lastKnownFileType = sourcecode.c.h; path = FBConnect.h; sourceTree = "<group>"; };
		64E2064B147B0FD00014CA48 /* FBDialog.bundle */ = {isa = PBXFileReference; lastKnownFileType = "wrapper.plug-in"; path = FBDialog.bundle; sourceTree = "<group>"; };
		64E2064C147B0FD00014CA48 /* FBDialog.h */ = {isa = PBXFileReference; fileEncoding = 4; lastKnownFileType = sourcecode.c.h; path = FBDialog.h; sourceTree = "<group>"; };
		64E2064D147B0FD00014CA48 /* FBDialog.m */ = {isa = PBXFileReference; fileEncoding = 4; lastKnownFileType = sourcecode.c.objc; path = FBDialog.m; sourceTree = "<group>"; };
		64E2064E147B0FD00014CA48 /* FBLoginDialog.h */ = {isa = PBXFileReference; fileEncoding = 4; lastKnownFileType = sourcecode.c.h; path = FBLoginDialog.h; sourceTree = "<group>"; };
		64E2064F147B0FD00014CA48 /* FBLoginDialog.m */ = {isa = PBXFileReference; fileEncoding = 4; lastKnownFileType = sourcecode.c.objc; path = FBLoginDialog.m; sourceTree = "<group>"; };
		64E20650147B0FD00014CA48 /* FBRequest.h */ = {isa = PBXFileReference; fileEncoding = 4; lastKnownFileType = sourcecode.c.h; path = FBRequest.h; sourceTree = "<group>"; };
		64E20651147B0FD00014CA48 /* FBRequest.m */ = {isa = PBXFileReference; fileEncoding = 4; lastKnownFileType = sourcecode.c.objc; path = FBRequest.m; sourceTree = "<group>"; };
		64F280BE14890E4C00490236 /* jeanome_logo_new_114.png */ = {isa = PBXFileReference; lastKnownFileType = image.png; name = jeanome_logo_new_114.png; path = ../jeanome_logo_new_114.png; sourceTree = "<group>"; };
		64F280C51489D1F900490236 /* ClosetItemDetailsViewController.h */ = {isa = PBXFileReference; fileEncoding = 4; lastKnownFileType = sourcecode.c.h; path = ClosetItemDetailsViewController.h; sourceTree = "<group>"; };
		64F280C61489D1FA00490236 /* ClosetItemDetailsViewController.m */ = {isa = PBXFileReference; fileEncoding = 4; lastKnownFileType = sourcecode.c.objc; path = ClosetItemDetailsViewController.m; sourceTree = "<group>"; };
		64F280C71489D1FA00490236 /* ClosetItemDetailsViewController.xib */ = {isa = PBXFileReference; fileEncoding = 4; lastKnownFileType = file.xib; path = ClosetItemDetailsViewController.xib; sourceTree = "<group>"; };
/* End PBXFileReference section */

/* Begin PBXFrameworksBuildPhase section */
		649ED3A1146A082A00E558EC /* Frameworks */ = {
			isa = PBXFrameworksBuildPhase;
			buildActionMask = 2147483647;
			files = (
				64BF1E2A146D3BC800640419 /* libz.dylib in Frameworks */,
				64BF1E28146D3BB500640419 /* MobileCoreServices.framework in Frameworks */,
				64BF1E26146D3BA500640419 /* SystemConfiguration.framework in Frameworks */,
				64BF1E24146D3B9400640419 /* CFNetwork.framework in Frameworks */,
				649ED3AD146A082A00E558EC /* CoreGraphics.framework in Frameworks */,
				649ED47A146A112500E558EC /* CoreText.framework in Frameworks */,
				649ED3A9146A082A00E558EC /* UIKit.framework in Frameworks */,
				649ED3AB146A082A00E558EC /* Foundation.framework in Frameworks */,
				649ED478146A111500E558EC /* QuartzCore.framework in Frameworks */,
				649ED474146A10D600E558EC /* libAviarySDK-universal.a in Frameworks */,
			);
			runOnlyForDeploymentPostprocessing = 0;
		};
		649ED3BB146A082B00E558EC /* Frameworks */ = {
			isa = PBXFrameworksBuildPhase;
			buildActionMask = 2147483647;
			files = (
				649ED3C1146A082B00E558EC /* SenTestingKit.framework in Frameworks */,
				649ED3C2146A082B00E558EC /* UIKit.framework in Frameworks */,
				649ED3C3146A082B00E558EC /* Foundation.framework in Frameworks */,
			);
			runOnlyForDeploymentPostprocessing = 0;
		};
/* End PBXFrameworksBuildPhase section */

/* Begin PBXGroup section */
		1ABA43751485A0E500D809D7 /* demophotos */ = {
			isa = PBXGroup;
			children = (
				1ABA43771485A13100D809D7 /* IMG_20111030_233250.jpg */,
				1ABA43781485A13100D809D7 /* IMG_20111030_232021.jpg */,
				1ABA43791485A13100D809D7 /* ColorTouch-1322004372315.jpeg */,
			);
			name = demophotos;
			sourceTree = "<group>";
		};
		649ED399146A082A00E558EC = {
			isa = PBXGroup;
			children = (
				1A9FD4EF148AEE4A0029BC43 /* Default.png */,
				1A9FD4EC148AEE460029BC43 /* Default@2x.png */,
				649ED3AE146A082A00E558EC /* JeanomeIOS */,
				649ED3C6146A082B00E558EC /* JeanomeIOSTests */,
				649ED3A7146A082A00E558EC /* Frameworks */,
				649ED3A5146A082A00E558EC /* Products */,
			);
			sourceTree = "<group>";
		};
		649ED3A5146A082A00E558EC /* Products */ = {
			isa = PBXGroup;
			children = (
				649ED3A4146A082A00E558EC /* JeanomeIOS.app */,
				649ED3BF146A082B00E558EC /* JeanomeIOSTests.octest */,
			);
			name = Products;
			sourceTree = "<group>";
		};
		649ED3A7146A082A00E558EC /* Frameworks */ = {
			isa = PBXGroup;
			children = (
				64BF1E29146D3BC800640419 /* libz.dylib */,
				64BF1E27146D3BB500640419 /* MobileCoreServices.framework */,
				64BF1E25146D3BA500640419 /* SystemConfiguration.framework */,
				64BF1E23146D3B9400640419 /* CFNetwork.framework */,
				649ED479146A112500E558EC /* CoreText.framework */,
				649ED477146A111500E558EC /* QuartzCore.framework */,
				649ED3A8146A082A00E558EC /* UIKit.framework */,
				649ED3AA146A082A00E558EC /* Foundation.framework */,
				649ED3AC146A082A00E558EC /* CoreGraphics.framework */,
				649ED3C0146A082B00E558EC /* SenTestingKit.framework */,
			);
			name = Frameworks;
			sourceTree = "<group>";
		};
		649ED3AE146A082A00E558EC /* JeanomeIOS */ = {
			isa = PBXGroup;
			children = (
				647DFFDE146B560600E25B9C /* TODO */,
				649ED3B7146A082A00E558EC /* AppDelegate.h */,
				649ED3B8146A082A00E558EC /* AppDelegate.m */,
				64D65BAE14735EA8007F4A49 /* ClosetViewController.h */,
				64D65BAF14735EA9007F4A49 /* ClosetViewController.m */,
				64D65BB014735EA9007F4A49 /* ClosetViewController.xib */,
				64D65BE514747CF3007F4A49 /* Closet.h */,
				64D65BE614747CF4007F4A49 /* Closet.m */,
				1AA6D8071482DB6700525AB0 /* ClosetItem.h */,
				1AA6D8081482DB6700525AB0 /* ClosetItem.m */,
				64F280C51489D1F900490236 /* ClosetItemDetailsViewController.h */,
				64F280C61489D1FA00490236 /* ClosetItemDetailsViewController.m */,
				64F280C71489D1FA00490236 /* ClosetItemDetailsViewController.xib */,
				64A5F184146B43560051C718 /* Constants.h */,
				1AA6D80B148395B600525AB0 /* PictureDownloader.h */,
				1AA6D80C148395B600525AB0 /* PictureDownloader.m */,
				1A9E62A5147CC593002566DA /* PictureTableViewCell.h */,
				1A9E62A6147CC594002566DA /* PictureTableViewCell.m */,
				1A9E62A7147CC594002566DA /* PictureTableViewCell.xib */,
				649ED48B146A845F00E558EC /* JeanomeViewController.h */,
				649ED48C146A845F00E558EC /* JeanomeViewController.m */,
				649ED48D146A845F00E558EC /* JeanomeViewController.xib */,
				649ED3D9146A0BBA00E558EC /* TakePhotoViewController.h */,
				649ED3DA146A0BBA00E558EC /* TakePhotoViewController.m */,
				649ED3DB146A0BBA00E558EC /* TakePhotoViewController.xib */,
				64A5F17F146B39600051C718 /* OverlayViewController.h */,
				64A5F180146B39600051C718 /* OverlayViewController.m */,
				64A5F181146B39600051C718 /* OverlayViewController.xib */,
				64D65B9B146F2777007F4A49 /* SettingsViewController.h */,
				64D65B9C146F2777007F4A49 /* SettingsViewController.m */,
				64D65B9D146F2777007F4A49 /* SettingsViewController.xib */,
				64DDF0D5147B56C400491867 /* JSON */,
				64E20643147B0FD00014CA48 /* FBConnect */,
				64A5F185146B477B0051C718 /* images */,
				649ED3AF146A082A00E558EC /* Supporting Files */,
				64BF1DA4146D376E00640419 /* ASIHttpRequest */,
				649ED46C146A10D600E558EC /* AviarySDK */,
			);
			path = JeanomeIOS;
			sourceTree = "<group>";
		};
		649ED3AF146A082A00E558EC /* Supporting Files */ = {
			isa = PBXGroup;
			children = (
				649ED3B0146A082A00E558EC /* JeanomeIOS-Info.plist */,
				649ED3B1146A082A00E558EC /* InfoPlist.strings */,
				649ED3B4146A082A00E558EC /* main.m */,
				649ED3B6146A082A00E558EC /* JeanomeIOS-Prefix.pch */,
			);
			name = "Supporting Files";
			sourceTree = "<group>";
		};
		649ED3C6146A082B00E558EC /* JeanomeIOSTests */ = {
			isa = PBXGroup;
			children = (
				649ED3CC146A082B00E558EC /* JeanomeIOSTests.h */,
				649ED3CD146A082B00E558EC /* JeanomeIOSTests.m */,
				649ED3C7146A082B00E558EC /* Supporting Files */,
			);
			path = JeanomeIOSTests;
			sourceTree = "<group>";
		};
		649ED3C7146A082B00E558EC /* Supporting Files */ = {
			isa = PBXGroup;
			children = (
				649ED3C8146A082B00E558EC /* JeanomeIOSTests-Info.plist */,
				649ED3C9146A082B00E558EC /* InfoPlist.strings */,
			);
			name = "Supporting Files";
			sourceTree = "<group>";
		};
		649ED46C146A10D600E558EC /* AviarySDK */ = {
			isa = PBXGroup;
			children = (
				649ED46D146A10D600E558EC /* Headers */,
				649ED470146A10D600E558EC /* libAviarySDK-universal.a */,
				649ED471146A10D600E558EC /* Resources */,
			);
			path = AviarySDK;
			sourceTree = "<group>";
		};
		649ED46D146A10D600E558EC /* Headers */ = {
			isa = PBXGroup;
			children = (
				649ED46E146A10D600E558EC /* AFFeatherConstants.h */,
				649ED46F146A10D600E558EC /* AFFeatherController.h */,
			);
			path = Headers;
			sourceTree = "<group>";
		};
		649ED471146A10D600E558EC /* Resources */ = {
			isa = PBXGroup;
			children = (
				649ED472146A10D600E558EC /* AviarySDK-Core.bundle */,
				649ED473146A10D600E558EC /* AviarySDK-Plugins.bundle */,
			);
			path = Resources;
			sourceTree = "<group>";
		};
		64A5F185146B477B0051C718 /* images */ = {
			isa = PBXGroup;
			children = (
				64F280BE14890E4C00490236 /* jeanome_logo_new_114.png */,
				1ABA43751485A0E500D809D7 /* demophotos */,
				1AC08B11148596D70032D2E7 /* icon_happy_smiley_300.png */,
				1AC08B0F148596CE0032D2E7 /* newlogo.png */,
				1AC08B0C1485947D0032D2E7 /* jeanome_logo_new_114.png */,
				64DDF0EF147B63B900491867 /* LoginWithFacebookNormal.png */,
				64DDF0F0147B63B900491867 /* LoginWithFacebookNormal@2x.png */,
				64DDF0F1147B63B900491867 /* LoginWithFacebookPressed.png */,
				64D65BAC14735BC2007F4A49 /* user-silhouette-icon.png */,
				64DDF0ED147B639400491867 /* transparent_settings_gear_icon.png */,
				64DDF0E9147B635000491867 /* babybluehappyface.png */,
				64A5F186146B479D0051C718 /* logo.png */,
			);
			name = images;
			sourceTree = "<group>";
		};
		64BF1DA4146D376E00640419 /* ASIHttpRequest */ = {
			isa = PBXGroup;
			children = (
				64BF1E1C146D3AB100640419 /* Reachability.h */,
				64BF1E1D146D3AB100640419 /* Reachability.m */,
				64BF1DA5146D376E00640419 /* ASIAuthenticationDialog.h */,
				64BF1DA6146D376E00640419 /* ASIAuthenticationDialog.m */,
				64BF1DA7146D376E00640419 /* ASICacheDelegate.h */,
				64BF1DA8146D376E00640419 /* ASIDataCompressor.h */,
				64BF1DA9146D376E00640419 /* ASIDataCompressor.m */,
				64BF1DAA146D376E00640419 /* ASIDataDecompressor.h */,
				64BF1DAB146D376E00640419 /* ASIDataDecompressor.m */,
				64BF1DAC146D376E00640419 /* ASIDownloadCache.h */,
				64BF1DAD146D376E00640419 /* ASIDownloadCache.m */,
				64BF1DAE146D376E00640419 /* ASIFormDataRequest.h */,
				64BF1DAF146D376E00640419 /* ASIFormDataRequest.m */,
				64BF1DB0146D376E00640419 /* ASIHTTPRequest.h */,
				64BF1DB1146D376E00640419 /* ASIHTTPRequest.m */,
				64BF1DB2146D376E00640419 /* ASIHTTPRequestConfig.h */,
				64BF1DB3146D376E00640419 /* ASIHTTPRequestDelegate.h */,
				64BF1DB4146D376E00640419 /* ASIInputStream.h */,
				64BF1DB5146D376E00640419 /* ASIInputStream.m */,
				64BF1DB6146D376E00640419 /* ASINetworkQueue.h */,
				64BF1DB7146D376E00640419 /* ASINetworkQueue.m */,
				64BF1DB8146D376E00640419 /* ASIProgressDelegate.h */,
			);
			path = ASIHttpRequest;
			sourceTree = "<group>";
		};
		64DDF0D5147B56C400491867 /* JSON */ = {
			isa = PBXGroup;
			children = (
				64DDF0D6147B56C400491867 /* JSON.h */,
				64DDF0D7147B56C400491867 /* NSObject+SBJSON.h */,
				64DDF0D8147B56C400491867 /* NSObject+SBJSON.m */,
				64DDF0D9147B56C400491867 /* NSString+SBJSON.h */,
				64DDF0DA147B56C400491867 /* NSString+SBJSON.m */,
				64DDF0DB147B56C400491867 /* SBJSON.h */,
				64DDF0DC147B56C400491867 /* SBJSON.m */,
				64DDF0DD147B56C400491867 /* SBJsonBase.h */,
				64DDF0DE147B56C400491867 /* SBJsonBase.m */,
				64DDF0DF147B56C400491867 /* SBJsonParser.h */,
				64DDF0E0147B56C400491867 /* SBJsonParser.m */,
				64DDF0E1147B56C400491867 /* SBJsonWriter.h */,
				64DDF0E2147B56C400491867 /* SBJsonWriter.m */,
			);
			path = JSON;
			sourceTree = "<group>";
		};
		64E20643147B0FD00014CA48 /* FBConnect */ = {
			isa = PBXGroup;
			children = (
				64E20647147B0FD00014CA48 /* Facebook.h */,
				64E20648147B0FD00014CA48 /* Facebook.m */,
				64E20649147B0FD00014CA48 /* facebook_ios_sdk_Prefix.pch */,
				64E2064A147B0FD00014CA48 /* FBConnect.h */,
				64E2064B147B0FD00014CA48 /* FBDialog.bundle */,
				64E2064C147B0FD00014CA48 /* FBDialog.h */,
				64E2064D147B0FD00014CA48 /* FBDialog.m */,
				64E2064E147B0FD00014CA48 /* FBLoginDialog.h */,
				64E2064F147B0FD00014CA48 /* FBLoginDialog.m */,
				64E20650147B0FD00014CA48 /* FBRequest.h */,
				64E20651147B0FD00014CA48 /* FBRequest.m */,
			);
			path = FBConnect;
			sourceTree = "<group>";
		};
/* End PBXGroup section */

/* Begin PBXNativeTarget section */
		649ED3A3146A082A00E558EC /* JeanomeIOS */ = {
			isa = PBXNativeTarget;
			buildConfigurationList = 649ED3D1146A082B00E558EC /* Build configuration list for PBXNativeTarget "JeanomeIOS" */;
			buildPhases = (
				649ED3A0146A082A00E558EC /* Sources */,
				649ED3A1146A082A00E558EC /* Frameworks */,
				649ED3A2146A082A00E558EC /* Resources */,
			);
			buildRules = (
			);
			dependencies = (
			);
			name = JeanomeIOS;
			productName = JeanomeIOS;
			productReference = 649ED3A4146A082A00E558EC /* JeanomeIOS.app */;
			productType = "com.apple.product-type.application";
		};
		649ED3BE146A082B00E558EC /* JeanomeIOSTests */ = {
			isa = PBXNativeTarget;
			buildConfigurationList = 649ED3D4146A082B00E558EC /* Build configuration list for PBXNativeTarget "JeanomeIOSTests" */;
			buildPhases = (
				649ED3BA146A082B00E558EC /* Sources */,
				649ED3BB146A082B00E558EC /* Frameworks */,
				649ED3BC146A082B00E558EC /* Resources */,
				649ED3BD146A082B00E558EC /* ShellScript */,
			);
			buildRules = (
			);
			dependencies = (
				649ED3C5146A082B00E558EC /* PBXTargetDependency */,
			);
			name = JeanomeIOSTests;
			productName = JeanomeIOSTests;
			productReference = 649ED3BF146A082B00E558EC /* JeanomeIOSTests.octest */;
			productType = "com.apple.product-type.bundle";
		};
/* End PBXNativeTarget section */

/* Begin PBXProject section */
		649ED39B146A082A00E558EC /* Project object */ = {
			isa = PBXProject;
			attributes = {
				LastUpgradeCheck = 0420;
				ORGANIZATIONNAME = Home;
			};
			buildConfigurationList = 649ED39E146A082A00E558EC /* Build configuration list for PBXProject "JeanomeIOS" */;
			compatibilityVersion = "Xcode 3.2";
			developmentRegion = English;
			hasScannedForEncodings = 0;
			knownRegions = (
				en,
			);
			mainGroup = 649ED399146A082A00E558EC;
			productRefGroup = 649ED3A5146A082A00E558EC /* Products */;
			projectDirPath = "";
			projectRoot = "";
			targets = (
				649ED3A3146A082A00E558EC /* JeanomeIOS */,
				649ED3BE146A082B00E558EC /* JeanomeIOSTests */,
			);
		};
/* End PBXProject section */

/* Begin PBXResourcesBuildPhase section */
		649ED3A2146A082A00E558EC /* Resources */ = {
			isa = PBXResourcesBuildPhase;
			buildActionMask = 2147483647;
			files = (
				649ED3B3146A082A00E558EC /* InfoPlist.strings in Resources */,
				649ED475146A10D600E558EC /* AviarySDK-Core.bundle in Resources */,
				649ED476146A10D600E558EC /* AviarySDK-Plugins.bundle in Resources */,
				649ED48F146A845F00E558EC /* JeanomeViewController.xib in Resources */,
				649ED3DD146A0BBA00E558EC /* TakePhotoViewController.xib in Resources */,
				64A5F183146B39610051C718 /* OverlayViewController.xib in Resources */,
				64A5F187146B479D0051C718 /* logo.png in Resources */,
				647DFFDF146B560600E25B9C /* TODO in Resources */,
				64D65B9F146F2778007F4A49 /* SettingsViewController.xib in Resources */,
				64D65BAD14735BC2007F4A49 /* user-silhouette-icon.png in Resources */,
				64D65BB214735EAA007F4A49 /* ClosetViewController.xib in Resources */,
				64E20661147B0FD00014CA48 /* FBDialog.bundle in Resources */,
				64DDF0EA147B635000491867 /* babybluehappyface.png in Resources */,
				64DDF0EE147B639400491867 /* transparent_settings_gear_icon.png in Resources */,
				64DDF0F2147B63B900491867 /* LoginWithFacebookNormal.png in Resources */,
				64DDF0F3147B63B900491867 /* LoginWithFacebookNormal@2x.png in Resources */,
				64DDF0F4147B63B900491867 /* LoginWithFacebookPressed.png in Resources */,
				1A9E62A9147CC595002566DA /* PictureTableViewCell.xib in Resources */,
				1AC08B10148596CE0032D2E7 /* newlogo.png in Resources */,
				1AC08B12148596D70032D2E7 /* icon_happy_smiley_300.png in Resources */,
				1ABA437A1485A13100D809D7 /* IMG_20111030_233250.jpg in Resources */,
				1ABA437B1485A13100D809D7 /* IMG_20111030_232021.jpg in Resources */,
				1ABA437C1485A13100D809D7 /* ColorTouch-1322004372315.jpeg in Resources */,
				64F280BF14890E4C00490236 /* jeanome_logo_new_114.png in Resources */,
				64F280C91489D1FC00490236 /* ClosetItemDetailsViewController.xib in Resources */,
				1A9FD4ED148AEE470029BC43 /* Default@2x.png in Resources */,
				1A9FD4F0148AEE4A0029BC43 /* Default.png in Resources */,
			);
			runOnlyForDeploymentPostprocessing = 0;
		};
		649ED3BC146A082B00E558EC /* Resources */ = {
			isa = PBXResourcesBuildPhase;
			buildActionMask = 2147483647;
			files = (
				649ED3CB146A082B00E558EC /* InfoPlist.strings in Resources */,
			);
			runOnlyForDeploymentPostprocessing = 0;
		};
/* End PBXResourcesBuildPhase section */

/* Begin PBXShellScriptBuildPhase section */
		649ED3BD146A082B00E558EC /* ShellScript */ = {
			isa = PBXShellScriptBuildPhase;
			buildActionMask = 2147483647;
			files = (
			);
			inputPaths = (
			);
			outputPaths = (
			);
			runOnlyForDeploymentPostprocessing = 0;
			shellPath = /bin/sh;
			shellScript = "# Run the unit tests in this test bundle.\n\"${SYSTEM_DEVELOPER_DIR}/Tools/RunUnitTests\"\n";
		};
/* End PBXShellScriptBuildPhase section */

/* Begin PBXSourcesBuildPhase section */
		649ED3A0146A082A00E558EC /* Sources */ = {
			isa = PBXSourcesBuildPhase;
			buildActionMask = 2147483647;
			files = (
				649ED3B5146A082A00E558EC /* main.m in Sources */,
				649ED3B9146A082A00E558EC /* AppDelegate.m in Sources */,
				649ED3DC146A0BBA00E558EC /* TakePhotoViewController.m in Sources */,
				649ED48E146A845F00E558EC /* JeanomeViewController.m in Sources */,
				64A5F182146B39610051C718 /* OverlayViewController.m in Sources */,
				64BF1DF7146D376E00640419 /* ASIAuthenticationDialog.m in Sources */,
				64BF1DF8146D376E00640419 /* ASIDataCompressor.m in Sources */,
				64BF1DF9146D376E00640419 /* ASIDataDecompressor.m in Sources */,
				64BF1DFA146D376E00640419 /* ASIDownloadCache.m in Sources */,
				64BF1DFB146D376E00640419 /* ASIFormDataRequest.m in Sources */,
				64BF1DFC146D376E00640419 /* ASIHTTPRequest.m in Sources */,
				64BF1DFD146D376E00640419 /* ASIInputStream.m in Sources */,
				64BF1DFE146D376E00640419 /* ASINetworkQueue.m in Sources */,
				64BF1E1E146D3AB100640419 /* Reachability.m in Sources */,
				64D65B9E146F2778007F4A49 /* SettingsViewController.m in Sources */,
				64D65BB114735EAA007F4A49 /* ClosetViewController.m in Sources */,
				64D65BE714747CF5007F4A49 /* Closet.m in Sources */,
				64E20660147B0FD00014CA48 /* Facebook.m in Sources */,
				64E20662147B0FD00014CA48 /* FBDialog.m in Sources */,
				64E20663147B0FD00014CA48 /* FBLoginDialog.m in Sources */,
				64E20664147B0FD00014CA48 /* FBRequest.m in Sources */,
				64DDF0E3147B56C400491867 /* NSObject+SBJSON.m in Sources */,
				64DDF0E4147B56C400491867 /* NSString+SBJSON.m in Sources */,
				64DDF0E5147B56C400491867 /* SBJSON.m in Sources */,
				64DDF0E6147B56C400491867 /* SBJsonBase.m in Sources */,
				64DDF0E7147B56C400491867 /* SBJsonParser.m in Sources */,
				64DDF0E8147B56C400491867 /* SBJsonWriter.m in Sources */,
				1A9E62A8147CC595002566DA /* PictureTableViewCell.m in Sources */,
				1AA6D8091482DB6700525AB0 /* ClosetItem.m in Sources */,
				1AA6D80D148395B700525AB0 /* PictureDownloader.m in Sources */,
				64F280C81489D1FC00490236 /* ClosetItemDetailsViewController.m in Sources */,
			);
			runOnlyForDeploymentPostprocessing = 0;
		};
		649ED3BA146A082B00E558EC /* Sources */ = {
			isa = PBXSourcesBuildPhase;
			buildActionMask = 2147483647;
			files = (
				649ED3CE146A082B00E558EC /* JeanomeIOSTests.m in Sources */,
			);
			runOnlyForDeploymentPostprocessing = 0;
		};
/* End PBXSourcesBuildPhase section */

/* Begin PBXTargetDependency section */
		649ED3C5146A082B00E558EC /* PBXTargetDependency */ = {
			isa = PBXTargetDependency;
			target = 649ED3A3146A082A00E558EC /* JeanomeIOS */;
			targetProxy = 649ED3C4146A082B00E558EC /* PBXContainerItemProxy */;
		};
/* End PBXTargetDependency section */

/* Begin PBXVariantGroup section */
		649ED3B1146A082A00E558EC /* InfoPlist.strings */ = {
			isa = PBXVariantGroup;
			children = (
				649ED3B2146A082A00E558EC /* en */,
			);
			name = InfoPlist.strings;
			sourceTree = "<group>";
		};
		649ED3C9146A082B00E558EC /* InfoPlist.strings */ = {
			isa = PBXVariantGroup;
			children = (
				649ED3CA146A082B00E558EC /* en */,
			);
			name = InfoPlist.strings;
			sourceTree = "<group>";
		};
/* End PBXVariantGroup section */

/* Begin XCBuildConfiguration section */
		649ED3CF146A082B00E558EC /* Debug */ = {
			isa = XCBuildConfiguration;
			buildSettings = {
				ALWAYS_SEARCH_USER_PATHS = NO;
				ARCHS = "$(ARCHS_STANDARD_32_BIT)";
				"CODE_SIGN_IDENTITY[sdk=iphoneos*]" = "iPhone Developer";
				COPY_PHASE_STRIP = NO;
				GCC_C_LANGUAGE_STANDARD = gnu99;
				GCC_DYNAMIC_NO_PIC = NO;
				GCC_OPTIMIZATION_LEVEL = 0;
				GCC_PREPROCESSOR_DEFINITIONS = (
					"DEBUG=1",
					"$(inherited)",
				);
				GCC_SYMBOLS_PRIVATE_EXTERN = NO;
				GCC_VERSION = com.apple.compilers.llvm.clang.1_0;
				GCC_WARN_ABOUT_MISSING_PROTOTYPES = YES;
				GCC_WARN_ABOUT_RETURN_TYPE = YES;
				GCC_WARN_UNUSED_VARIABLE = YES;
				IPHONEOS_DEPLOYMENT_TARGET = 5.0;
				SDKROOT = iphoneos;
			};
			name = Debug;
		};
		649ED3D0146A082B00E558EC /* Release */ = {
			isa = XCBuildConfiguration;
			buildSettings = {
				ALWAYS_SEARCH_USER_PATHS = NO;
				ARCHS = "$(ARCHS_STANDARD_32_BIT)";
				"CODE_SIGN_IDENTITY[sdk=iphoneos*]" = "iPhone Developer";
				COPY_PHASE_STRIP = YES;
				GCC_C_LANGUAGE_STANDARD = gnu99;
				GCC_VERSION = com.apple.compilers.llvm.clang.1_0;
				GCC_WARN_ABOUT_MISSING_PROTOTYPES = YES;
				GCC_WARN_ABOUT_RETURN_TYPE = YES;
				GCC_WARN_UNUSED_VARIABLE = YES;
				IPHONEOS_DEPLOYMENT_TARGET = 5.0;
				OTHER_CFLAGS = "-DNS_BLOCK_ASSERTIONS=1";
				SDKROOT = iphoneos;
				VALIDATE_PRODUCT = YES;
			};
			name = Release;
		};
		649ED3D2146A082B00E558EC /* Debug */ = {
			isa = XCBuildConfiguration;
			buildSettings = {
				GCC_PRECOMPILE_PREFIX_HEADER = YES;
				GCC_PREFIX_HEADER = "JeanomeIOS/JeanomeIOS-Prefix.pch";
				INFOPLIST_FILE = "JeanomeIOS/JeanomeIOS-Info.plist";
				IPHONEOS_DEPLOYMENT_TARGET = 4.3;
				LIBRARY_SEARCH_PATHS = (
					"$(inherited)",
					"\"$(SRCROOT)/JeanomeIOS/AviarySDK\"",
				);
				OTHER_LDFLAGS = (
					"-all_load",
					"-ObjC",
				);
				PRODUCT_NAME = "$(TARGET_NAME)";
				WRAPPER_EXTENSION = app;
			};
			name = Debug;
		};
		649ED3D3146A082B00E558EC /* Release */ = {
			isa = XCBuildConfiguration;
			buildSettings = {
				GCC_PRECOMPILE_PREFIX_HEADER = YES;
				GCC_PREFIX_HEADER = "JeanomeIOS/JeanomeIOS-Prefix.pch";
				INFOPLIST_FILE = "JeanomeIOS/JeanomeIOS-Info.plist";
				IPHONEOS_DEPLOYMENT_TARGET = 4.3;
				LIBRARY_SEARCH_PATHS = (
					"$(inherited)",
					"\"$(SRCROOT)/JeanomeIOS/AviarySDK\"",
				);
				OTHER_LDFLAGS = (
					"-all_load",
					"-ObjC",
				);
				PRODUCT_NAME = "$(TARGET_NAME)";
				WRAPPER_EXTENSION = app;
			};
			name = Release;
		};
		649ED3D5146A082B00E558EC /* Debug */ = {
			isa = XCBuildConfiguration;
			buildSettings = {
				BUNDLE_LOADER = "$(BUILT_PRODUCTS_DIR)/JeanomeIOS.app/JeanomeIOS";
				FRAMEWORK_SEARCH_PATHS = (
					"$(SDKROOT)/Developer/Library/Frameworks",
					"$(DEVELOPER_LIBRARY_DIR)/Frameworks",
				);
				GCC_PRECOMPILE_PREFIX_HEADER = YES;
				GCC_PREFIX_HEADER = "JeanomeIOS/JeanomeIOS-Prefix.pch";
				INFOPLIST_FILE = "JeanomeIOSTests/JeanomeIOSTests-Info.plist";
				PRODUCT_NAME = "$(TARGET_NAME)";
				TEST_HOST = "$(BUNDLE_LOADER)";
				WRAPPER_EXTENSION = octest;
			};
			name = Debug;
		};
		649ED3D6146A082B00E558EC /* Release */ = {
			isa = XCBuildConfiguration;
			buildSettings = {
				BUNDLE_LOADER = "$(BUILT_PRODUCTS_DIR)/JeanomeIOS.app/JeanomeIOS";
				FRAMEWORK_SEARCH_PATHS = (
					"$(SDKROOT)/Developer/Library/Frameworks",
					"$(DEVELOPER_LIBRARY_DIR)/Frameworks",
				);
				GCC_PRECOMPILE_PREFIX_HEADER = YES;
				GCC_PREFIX_HEADER = "JeanomeIOS/JeanomeIOS-Prefix.pch";
				INFOPLIST_FILE = "JeanomeIOSTests/JeanomeIOSTests-Info.plist";
				PRODUCT_NAME = "$(TARGET_NAME)";
				TEST_HOST = "$(BUNDLE_LOADER)";
				WRAPPER_EXTENSION = octest;
			};
			name = Release;
		};
/* End XCBuildConfiguration section */

/* Begin XCConfigurationList section */
		649ED39E146A082A00E558EC /* Build configuration list for PBXProject "JeanomeIOS" */ = {
			isa = XCConfigurationList;
			buildConfigurations = (
				649ED3CF146A082B00E558EC /* Debug */,
				649ED3D0146A082B00E558EC /* Release */,
			);
			defaultConfigurationIsVisible = 0;
			defaultConfigurationName = Release;
		};
		649ED3D1146A082B00E558EC /* Build configuration list for PBXNativeTarget "JeanomeIOS" */ = {
			isa = XCConfigurationList;
			buildConfigurations = (
				649ED3D2146A082B00E558EC /* Debug */,
				649ED3D3146A082B00E558EC /* Release */,
			);
			defaultConfigurationIsVisible = 0;
			defaultConfigurationName = Release;
		};
		649ED3D4146A082B00E558EC /* Build configuration list for PBXNativeTarget "JeanomeIOSTests" */ = {
			isa = XCConfigurationList;
			buildConfigurations = (
				649ED3D5146A082B00E558EC /* Debug */,
				649ED3D6146A082B00E558EC /* Release */,
			);
			defaultConfigurationIsVisible = 0;
			defaultConfigurationName = Release;
		};
/* End XCConfigurationList section */
	};
	rootObject = 649ED39B146A082A00E558EC /* Project object */;
}
